
Microsoft Visual Studio Solution File, Format Version 10.00
# Visual Studio 2008
Project("{FAE04EC0-301F-11D3-BF4B-00C04F79EFBC}") = "SkyMap.Net.Workflow.Engine", "SkyMap.Net.Workflow.Engine.csproj", "{FC50239B-6D25-48C0-AD92-DD3EE9D01A3F}"
EndProject
Global
	GlobalSection(SolutionConfigurationPlatforms) = preSolution
		Debug|Any CPU = Debug|Any CPU
		Release|Any CPU = Release|Any CPU
	EndGlobalSection
	GlobalSection(ProjectConfigurationPlatforms) = postSolution
		{FC50239B-6D25-48C0-AD92-DD3EE9D01A3F}.Debug|Any CPU.ActiveCfg = Debug|Any CPU
		{FC50239B-6D25-48C0-AD92-DD3EE9D01A3F}.Debug|Any CPU.Build.0 = Debug|Any CPU
		{FC50239B-6D25-48C0-AD92-DD3EE9D01A3F}.Release|Any CPU.ActiveCfg = Release|Any CPU
		{FC50239B-6D25-48C0-AD92-DD3EE9D01A3F}.Release|Any CPU.Build.0 = Release|Any CPU
	EndGlobalSection
	GlobalSection(SolutionProperties) = preSolution
		HideSolutionNode = FALSE
	EndGlobalSection
EndGlobal
