
Microsoft Visual Studio Solution File, Format Version 10.00
# Visual Studio 2008
Project("{FAE04EC0-301F-11D3-BF4B-00C04F79EFBC}") = "SkyMap.Net.Workflow.Client", "SkyMap.Net.Workflow.Client.csproj", "{217987FF-FFC1-43A0-9BF4-1160E9D6A90E}"
EndProject
Global
	GlobalSection(SolutionConfigurationPlatforms) = preSolution
		Debug|Any CPU = Debug|Any CPU
		Release|Any CPU = Release|Any CPU
	EndGlobalSection
	GlobalSection(ProjectConfigurationPlatforms) = postSolution
		{217987FF-FFC1-43A0-9BF4-1160E9D6A90E}.Debug|Any CPU.ActiveCfg = Debug|Any CPU
		{217987FF-FFC1-43A0-9BF4-1160E9D6A90E}.Debug|Any CPU.Build.0 = Debug|Any CPU
		{217987FF-FFC1-43A0-9BF4-1160E9D6A90E}.Release|Any CPU.ActiveCfg = Release|Any CPU
		{217987FF-FFC1-43A0-9BF4-1160E9D6A90E}.Release|Any CPU.Build.0 = Release|Any CPU
	EndGlobalSection
	GlobalSection(SolutionProperties) = preSolution
		HideSolutionNode = FALSE
	EndGlobalSection
EndGlobal
