
Microsoft Visual Studio Solution File, Format Version 11.00
# Visual Studio 2010
Project("{FAE04EC0-301F-11D3-BF4B-00C04F79EFBC}") = "ExcelOper", "ExcelOper\ExcelOper.csproj", "{3DED9BCA-1A80-4524-A0AE-46977E630959}"
EndProject
Project("{FAE04EC0-301F-11D3-BF4B-00C04F79EFBC}") = "ZBPM", "ZBPM.csproj", "{BD566A18-17E2-42AB-9798-A766889FDDD8}"
EndProject
Global
	GlobalSection(SolutionConfigurationPlatforms) = preSolution
		Debug|Any CPU = Debug|Any CPU
		Release|Any CPU = Release|Any CPU
		SMLibBuild|Any CPU = SMLibBuild|Any CPU
	EndGlobalSection
	GlobalSection(ProjectConfigurationPlatforms) = postSolution
		{3DED9BCA-1A80-4524-A0AE-46977E630959}.Debug|Any CPU.ActiveCfg = Debug|Any CPU
		{3DED9BCA-1A80-4524-A0AE-46977E630959}.Debug|Any CPU.Build.0 = Debug|Any CPU
		{3DED9BCA-1A80-4524-A0AE-46977E630959}.Release|Any CPU.ActiveCfg = Release|Any CPU
		{3DED9BCA-1A80-4524-A0AE-46977E630959}.Release|Any CPU.Build.0 = Release|Any CPU
		{3DED9BCA-1A80-4524-A0AE-46977E630959}.SMLibBuild|Any CPU.ActiveCfg = Release|Any CPU
		{3DED9BCA-1A80-4524-A0AE-46977E630959}.SMLibBuild|Any CPU.Build.0 = Release|Any CPU
		{BD566A18-17E2-42AB-9798-A766889FDDD8}.Debug|Any CPU.ActiveCfg = Debug|Any CPU
		{BD566A18-17E2-42AB-9798-A766889FDDD8}.Debug|Any CPU.Build.0 = Debug|Any CPU
		{BD566A18-17E2-42AB-9798-A766889FDDD8}.Release|Any CPU.ActiveCfg = Release|Any CPU
		{BD566A18-17E2-42AB-9798-A766889FDDD8}.Release|Any CPU.Build.0 = Release|Any CPU
		{BD566A18-17E2-42AB-9798-A766889FDDD8}.SMLibBuild|Any CPU.ActiveCfg = Release|Any CPU
		{BD566A18-17E2-42AB-9798-A766889FDDD8}.SMLibBuild|Any CPU.Build.0 = Release|Any CPU
	EndGlobalSection
	GlobalSection(SolutionProperties) = preSolution
		HideSolutionNode = FALSE
	EndGlobalSection
EndGlobal
