
Microsoft Visual Studio Solution File, Format Version 10.00
# Visual Studio 2008
Project("{FAE04EC0-301F-11D3-BF4B-00C04F79EFBC}") = "ExceptionTest", "ExceptionTest\ExceptionTest.csproj", "{8E26FA06-F223-481D-94E1-0209BBF23E7A}"
EndProject
Global
	GlobalSection(SolutionConfigurationPlatforms) = preSolution
		Debug|Any CPU = Debug|Any CPU
		Release|Any CPU = Release|Any CPU
	EndGlobalSection
	GlobalSection(ProjectConfigurationPlatforms) = postSolution
		{8E26FA06-F223-481D-94E1-0209BBF23E7A}.Debug|Any CPU.ActiveCfg = Debug|Any CPU
		{8E26FA06-F223-481D-94E1-0209BBF23E7A}.Debug|Any CPU.Build.0 = Debug|Any CPU
		{8E26FA06-F223-481D-94E1-0209BBF23E7A}.Release|Any CPU.ActiveCfg = Release|Any CPU
		{8E26FA06-F223-481D-94E1-0209BBF23E7A}.Release|Any CPU.Build.0 = Release|Any CPU
	EndGlobalSection
	GlobalSection(SolutionProperties) = preSolution
		HideSolutionNode = FALSE
	EndGlobalSection
EndGlobal
