
Microsoft Visual Studio Solution File, Format Version 10.00
# Visual Studio 2008
Project("{FAE04EC0-301F-11D3-BF4B-00C04F79EFBC}") = "SkyMap.Net.Core", "SkyMap.Net.Core\SkyMap.Net.Core.csproj", "{90C2CDD1-A724-4C09-A149-9B78B1BB5C13}"
EndProject
Project("{FAE04EC0-301F-11D3-BF4B-00C04F79EFBC}") = "SkyMap.Net.DAO", "SkyMap.Net.DAO\SkyMap.Net.DAO.csproj", "{B27F5666-F54C-4422-9B41-0BB6D82E01AE}"
EndProject
Project("{FAE04EC0-301F-11D3-BF4B-00C04F79EFBC}") = "SkyMap.Net.Windows", "SkyMap.Net.Windows\SkyMap.Net.Windows.csproj", "{8510FC0B-92F7-44BD-A418-E8F54DF7495B}"
EndProject
Project("{FAE04EC0-301F-11D3-BF4B-00C04F79EFBC}") = "AutoUpdate", "AutoUpdate\AutoUpdate.csproj", "{1A7A97F6-8756-4F51-8372-89411AA20F1C}"
EndProject
Project("{FAE04EC0-301F-11D3-BF4B-00C04F79EFBC}") = "ZSHJGT", "ZSHJGT\ZSHJGT.csproj", "{6B54D777-7239-4B6F-828C-7BF014904F9B}"
EndProject
Project("{FAE04EC0-301F-11D3-BF4B-00C04F79EFBC}") = "SkyMap.Net.POP3", "SkyMap.Net.POP3\SkyMap.Net.POP3.csproj", "{DFCF4F7B-D48C-4DA4-90B4-920B40705656}"
EndProject
Project("{FAE04EC0-301F-11D3-BF4B-00C04F79EFBC}") = "SkyMap.Net.Security", "SkyMap.Net.Security\SkyMap.Net.Security.csproj", "{3369F1AA-6DD4-406E-A654-312A72ABD265}"
EndProject
Project("{FAE04EC0-301F-11D3-BF4B-00C04F79EFBC}") = "SkyMap.Net.Configuration", "SkyMap.Net.Configuration\SkyMap.Net.Configuration.csproj", "{085D03E5-B60E-43B6-9CE3-047FB812D5BA}"
EndProject
Project("{FAE04EC0-301F-11D3-BF4B-00C04F79EFBC}") = "SkyMap.Net.Criteria", "SkyMap.Net.Criteria\SkyMap.Net.Criteria.csproj", "{04D36C7E-A688-4D88-B4E7-C29268ADA74D}"
EndProject
Project("{FAE04EC0-301F-11D3-BF4B-00C04F79EFBC}") = "SkyMap.Net.Criteria.Client", "SkyMap.Net.Criteria.Client\SkyMap.Net.Criteria.Client.csproj", "{5310D80B-E5C8-48BB-88EB-EF71074B8F32}"
EndProject
Project("{FAE04EC0-301F-11D3-BF4B-00C04F79EFBC}") = "SkyMap.Net.DataForms", "SkyMap.Net.DataForms\SkyMap.Net.DataForms.csproj", "{D849C043-D533-4B5C-87AC-28115B16E539}"
EndProject
Project("{FAE04EC0-301F-11D3-BF4B-00C04F79EFBC}") = "SkyMap.Net.Evaluant", "SkyMap.Net.Evaluant\SkyMap.Net.Evaluant.csproj", "{E67B0E1B-3FCA-4B82-B9AD-FAA430B71B8F}"
EndProject
Project("{FAE04EC0-301F-11D3-BF4B-00C04F79EFBC}") = "SkyMap.Net.FDCMX", "SkyMap.Net.FDCMX\SkyMap.Net.FDCMX.csproj", "{799516EC-3A71-456F-B577-D677E3D5901B}"
EndProject
Project("{FAE04EC0-301F-11D3-BF4B-00C04F79EFBC}") = "SkyMap.Net.Holidays", "SkyMap.Net.Holidays\SkyMap.Net.Holidays.csproj", "{B83EAA92-B82E-45EA-A444-D832137696B6}"
EndProject
Project("{FAE04EC0-301F-11D3-BF4B-00C04F79EFBC}") = "SkyMap.Net.Network", "SkyMap.Net.Network\SkyMap.Net.Network.csproj", "{EF57601A-F9D9-47A1-AA50-D23C1BC91D7B}"
EndProject
Project("{FAE04EC0-301F-11D3-BF4B-00C04F79EFBC}") = "SkyMap.Net.SqlOM", "SkyMap.Net.SqlOM\SkyMap.Net.SqlOM.csproj", "{C7812758-27C6-430C-B6D5-2E49A7CC2557}"
EndProject
Project("{FAE04EC0-301F-11D3-BF4B-00C04F79EFBC}") = "SkyMap.Net.Tools.Authorization", "SkyMap.Net.Tools.Authorization\SkyMap.Net.Tools.Authorization.csproj", "{57409377-893C-4A70-97BE-60FF97CDCB12}"
EndProject
Project("{FAE04EC0-301F-11D3-BF4B-00C04F79EFBC}") = "SkyMap.Net.Tools.Base", "SkyMap.Net.Tools.Base\SkyMap.Net.Tools.Base.csproj", "{C278FFC0-CCFA-4F78-93F4-3CD54D59C5DE}"
EndProject
Project("{FAE04EC0-301F-11D3-BF4B-00C04F79EFBC}") = "SkyMap.Net.Tools.Criteria", "SkyMap.Net.Tools.Criteria\SkyMap.Net.Tools.Criteria.csproj", "{070A4EB5-A83D-4714-A1E5-9D9BF6DEB766}"
EndProject
Project("{FAE04EC0-301F-11D3-BF4B-00C04F79EFBC}") = "SkyMap.Net.Tools.DataForms", "SkyMap.Net.Tools.DataForms\SkyMap.Net.Tools.DataForms.csproj", "{BA03235E-F8BD-40DF-91EC-7BEE45D37261}"
EndProject
Project("{FAE04EC0-301F-11D3-BF4B-00C04F79EFBC}") = "SkyMap.Net.Tools.Holidays", "SkyMap.Net.Tools.Holidays\SkyMap.Net.Tools.Holidays.csproj", "{3FD89003-FFD4-48A1-A020-F36D576F2514}"
EndProject
Project("{FAE04EC0-301F-11D3-BF4B-00C04F79EFBC}") = "SkyMap.Net.Tools.Organize", "SkyMap.Net.Tools.Organize\SkyMap.Net.Tools.Organize.csproj", "{C34E2649-AB76-4837-9CEF-F9F3AABB9C26}"
EndProject
Project("{FAE04EC0-301F-11D3-BF4B-00C04F79EFBC}") = "SkyMap.Net.Windows.Workflow", "SkyMap.Net.Windows.Workflow\SkyMap.Net.Windows.Workflow.csproj", "{08B692EA-C07C-4F47-9B3C-5760866082A5}"
EndProject
Project("{FAE04EC0-301F-11D3-BF4B-00C04F79EFBC}") = "SkyMap.Net.Workflow", "SkyMap.Net.Workflow\SkyMap.Net.Workflow.csproj", "{59C4907B-30F8-4616-90ED-8A909115771F}"
EndProject
Project("{FAE04EC0-301F-11D3-BF4B-00C04F79EFBC}") = "SkyMap.Net.Workflow.Client", "SkyMap.Net.Workflow.Client\SkyMap.Net.Workflow.Client.csproj", "{217987FF-FFC1-43A0-9BF4-1160E9D6A90E}"
EndProject
Project("{FAE04EC0-301F-11D3-BF4B-00C04F79EFBC}") = "SkyMap.Net.Workflow.Engine", "SkyMap.Net.Workflow.Engine\SkyMap.Net.Workflow.Engine.csproj", "{FC50239B-6D25-48C0-AD92-DD3EE9D01A3F}"
EndProject
Project("{FAE04EC0-301F-11D3-BF4B-00C04F79EFBC}") = "SkyMap.Net.Workflow.FlowChart", "SkyMap.Net.Workflow.FlowChart\SkyMap.Net.Workflow.FlowChart.csproj", "{4441A1AC-1592-498D-8E51-F78122C4D1EA}"
EndProject
Project("{FAE04EC0-301F-11D3-BF4B-00C04F79EFBC}") = "SkyMap.Net.Workflow.FlowChartCtl", "SkyMap.Net.Workflow.FlowChartCtl\SkyMap.Net.Workflow.FlowChartCtl.csproj", "{3EACA55A-F034-4E6A-920F-976F9A4AD956}"
EndProject
Project("{FAE04EC0-301F-11D3-BF4B-00C04F79EFBC}") = "SkyMap.Net.XMLExchange", "SkyMap.Net.XMLExchange\SkyMap.Net.XMLExchange.csproj", "{49E8366B-9146-4A9F-BD41-37A9323F0792}"
EndProject
Project("{FAE04EC0-301F-11D3-BF4B-00C04F79EFBC}") = "SkyMap.Net.Windows.DataForms", "SkyMap.Net.Windows.DataForms\SkyMap.Net.Windows.DataForms.csproj", "{C29B5623-CE8E-4A16-B210-53D4067EBB75}"
EndProject
Project("{FAE04EC0-301F-11D3-BF4B-00C04F79EFBC}") = "AppraiseMethod", "Work\cs\Gujia\AppraiseMethod\AppraiseMethod\AppraiseMethod.csproj", "{F9AF8AE5-0784-4DBA-B85F-802919F4F454}"
EndProject
Project("{FAE04EC0-301F-11D3-BF4B-00C04F79EFBC}") = "ExcelOper", "Work\cs\Gujia\Fdc\ExcelOper\ExcelOper.csproj", "{3DED9BCA-1A80-4524-A0AE-46977E630959}"
EndProject
Project("{FAE04EC0-301F-11D3-BF4B-00C04F79EFBC}") = "ZBPM", "Work\cs\Gujia\Fdc\ZBPM.csproj", "{BD566A18-17E2-42AB-9798-A766889FDDD8}"
EndProject
Project("{FAE04EC0-301F-11D3-BF4B-00C04F79EFBC}") = "AULWriter", "AULWriter\AULWriter.csproj", "{009D4B74-5373-4FF1-9BB8-80C467D752B3}"
EndProject
Global
	GlobalSection(SolutionConfigurationPlatforms) = preSolution
		Debug|Any CPU = Debug|Any CPU
		Release|Any CPU = Release|Any CPU
		SMLibBuild|Any CPU = SMLibBuild|Any CPU
	EndGlobalSection
	GlobalSection(ProjectConfigurationPlatforms) = postSolution
		{90C2CDD1-A724-4C09-A149-9B78B1BB5C13}.Debug|Any CPU.ActiveCfg = Debug|Any CPU
		{90C2CDD1-A724-4C09-A149-9B78B1BB5C13}.Debug|Any CPU.Build.0 = Debug|Any CPU
		{90C2CDD1-A724-4C09-A149-9B78B1BB5C13}.Release|Any CPU.ActiveCfg = Release|Any CPU
		{90C2CDD1-A724-4C09-A149-9B78B1BB5C13}.Release|Any CPU.Build.0 = Release|Any CPU
		{90C2CDD1-A724-4C09-A149-9B78B1BB5C13}.SMLibBuild|Any CPU.ActiveCfg = Release|Any CPU
		{90C2CDD1-A724-4C09-A149-9B78B1BB5C13}.SMLibBuild|Any CPU.Build.0 = Release|Any CPU
		{B27F5666-F54C-4422-9B41-0BB6D82E01AE}.Debug|Any CPU.ActiveCfg = Debug|Any CPU
		{B27F5666-F54C-4422-9B41-0BB6D82E01AE}.Debug|Any CPU.Build.0 = Debug|Any CPU
		{B27F5666-F54C-4422-9B41-0BB6D82E01AE}.Release|Any CPU.ActiveCfg = Release|Any CPU
		{B27F5666-F54C-4422-9B41-0BB6D82E01AE}.Release|Any CPU.Build.0 = Release|Any CPU
		{B27F5666-F54C-4422-9B41-0BB6D82E01AE}.SMLibBuild|Any CPU.ActiveCfg = Release|Any CPU
		{B27F5666-F54C-4422-9B41-0BB6D82E01AE}.SMLibBuild|Any CPU.Build.0 = Release|Any CPU
		{8510FC0B-92F7-44BD-A418-E8F54DF7495B}.Debug|Any CPU.ActiveCfg = Debug|Any CPU
		{8510FC0B-92F7-44BD-A418-E8F54DF7495B}.Debug|Any CPU.Build.0 = Debug|Any CPU
		{8510FC0B-92F7-44BD-A418-E8F54DF7495B}.Release|Any CPU.ActiveCfg = Release|Any CPU
		{8510FC0B-92F7-44BD-A418-E8F54DF7495B}.Release|Any CPU.Build.0 = Release|Any CPU
		{8510FC0B-92F7-44BD-A418-E8F54DF7495B}.SMLibBuild|Any CPU.ActiveCfg = Release|Any CPU
		{8510FC0B-92F7-44BD-A418-E8F54DF7495B}.SMLibBuild|Any CPU.Build.0 = Release|Any CPU
		{1A7A97F6-8756-4F51-8372-89411AA20F1C}.Debug|Any CPU.ActiveCfg = Debug|Any CPU
		{1A7A97F6-8756-4F51-8372-89411AA20F1C}.Debug|Any CPU.Build.0 = Debug|Any CPU
		{1A7A97F6-8756-4F51-8372-89411AA20F1C}.Release|Any CPU.ActiveCfg = Release|Any CPU
		{1A7A97F6-8756-4F51-8372-89411AA20F1C}.Release|Any CPU.Build.0 = Release|Any CPU
		{1A7A97F6-8756-4F51-8372-89411AA20F1C}.SMLibBuild|Any CPU.ActiveCfg = Release|Any CPU
		{1A7A97F6-8756-4F51-8372-89411AA20F1C}.SMLibBuild|Any CPU.Build.0 = Release|Any CPU
		{6B54D777-7239-4B6F-828C-7BF014904F9B}.Debug|Any CPU.ActiveCfg = Debug|Any CPU
		{6B54D777-7239-4B6F-828C-7BF014904F9B}.Debug|Any CPU.Build.0 = Debug|Any CPU
		{6B54D777-7239-4B6F-828C-7BF014904F9B}.Release|Any CPU.ActiveCfg = Release|Any CPU
		{6B54D777-7239-4B6F-828C-7BF014904F9B}.Release|Any CPU.Build.0 = Release|Any CPU
		{6B54D777-7239-4B6F-828C-7BF014904F9B}.SMLibBuild|Any CPU.ActiveCfg = Release|Any CPU
		{6B54D777-7239-4B6F-828C-7BF014904F9B}.SMLibBuild|Any CPU.Build.0 = Release|Any CPU
		{DFCF4F7B-D48C-4DA4-90B4-920B40705656}.Debug|Any CPU.ActiveCfg = Debug|Any CPU
		{DFCF4F7B-D48C-4DA4-90B4-920B40705656}.Debug|Any CPU.Build.0 = Debug|Any CPU
		{DFCF4F7B-D48C-4DA4-90B4-920B40705656}.Release|Any CPU.ActiveCfg = Release|Any CPU
		{DFCF4F7B-D48C-4DA4-90B4-920B40705656}.Release|Any CPU.Build.0 = Release|Any CPU
		{DFCF4F7B-D48C-4DA4-90B4-920B40705656}.SMLibBuild|Any CPU.ActiveCfg = Release|Any CPU
		{DFCF4F7B-D48C-4DA4-90B4-920B40705656}.SMLibBuild|Any CPU.Build.0 = Release|Any CPU
		{3369F1AA-6DD4-406E-A654-312A72ABD265}.Debug|Any CPU.ActiveCfg = Debug|Any CPU
		{3369F1AA-6DD4-406E-A654-312A72ABD265}.Debug|Any CPU.Build.0 = Debug|Any CPU
		{3369F1AA-6DD4-406E-A654-312A72ABD265}.Release|Any CPU.ActiveCfg = Release|Any CPU
		{3369F1AA-6DD4-406E-A654-312A72ABD265}.Release|Any CPU.Build.0 = Release|Any CPU
		{3369F1AA-6DD4-406E-A654-312A72ABD265}.SMLibBuild|Any CPU.ActiveCfg = Release|Any CPU
		{3369F1AA-6DD4-406E-A654-312A72ABD265}.SMLibBuild|Any CPU.Build.0 = Release|Any CPU
		{085D03E5-B60E-43B6-9CE3-047FB812D5BA}.Debug|Any CPU.ActiveCfg = Debug|Any CPU
		{085D03E5-B60E-43B6-9CE3-047FB812D5BA}.Debug|Any CPU.Build.0 = Debug|Any CPU
		{085D03E5-B60E-43B6-9CE3-047FB812D5BA}.Release|Any CPU.ActiveCfg = Release|Any CPU
		{085D03E5-B60E-43B6-9CE3-047FB812D5BA}.Release|Any CPU.Build.0 = Release|Any CPU
		{085D03E5-B60E-43B6-9CE3-047FB812D5BA}.SMLibBuild|Any CPU.ActiveCfg = Release|Any CPU
		{085D03E5-B60E-43B6-9CE3-047FB812D5BA}.SMLibBuild|Any CPU.Build.0 = Release|Any CPU
		{04D36C7E-A688-4D88-B4E7-C29268ADA74D}.Debug|Any CPU.ActiveCfg = Debug|Any CPU
		{04D36C7E-A688-4D88-B4E7-C29268ADA74D}.Debug|Any CPU.Build.0 = Debug|Any CPU
		{04D36C7E-A688-4D88-B4E7-C29268ADA74D}.Release|Any CPU.ActiveCfg = Release|Any CPU
		{04D36C7E-A688-4D88-B4E7-C29268ADA74D}.Release|Any CPU.Build.0 = Release|Any CPU
		{04D36C7E-A688-4D88-B4E7-C29268ADA74D}.SMLibBuild|Any CPU.ActiveCfg = Release|Any CPU
		{04D36C7E-A688-4D88-B4E7-C29268ADA74D}.SMLibBuild|Any CPU.Build.0 = Release|Any CPU
		{5310D80B-E5C8-48BB-88EB-EF71074B8F32}.Debug|Any CPU.ActiveCfg = Debug|Any CPU
		{5310D80B-E5C8-48BB-88EB-EF71074B8F32}.Debug|Any CPU.Build.0 = Debug|Any CPU
		{5310D80B-E5C8-48BB-88EB-EF71074B8F32}.Release|Any CPU.ActiveCfg = Release|Any CPU
		{5310D80B-E5C8-48BB-88EB-EF71074B8F32}.Release|Any CPU.Build.0 = Release|Any CPU
		{5310D80B-E5C8-48BB-88EB-EF71074B8F32}.SMLibBuild|Any CPU.ActiveCfg = Release|Any CPU
		{5310D80B-E5C8-48BB-88EB-EF71074B8F32}.SMLibBuild|Any CPU.Build.0 = Release|Any CPU
		{D849C043-D533-4B5C-87AC-28115B16E539}.Debug|Any CPU.ActiveCfg = Debug|Any CPU
		{D849C043-D533-4B5C-87AC-28115B16E539}.Debug|Any CPU.Build.0 = Debug|Any CPU
		{D849C043-D533-4B5C-87AC-28115B16E539}.Release|Any CPU.ActiveCfg = Release|Any CPU
		{D849C043-D533-4B5C-87AC-28115B16E539}.Release|Any CPU.Build.0 = Release|Any CPU
		{D849C043-D533-4B5C-87AC-28115B16E539}.SMLibBuild|Any CPU.ActiveCfg = Release|Any CPU
		{D849C043-D533-4B5C-87AC-28115B16E539}.SMLibBuild|Any CPU.Build.0 = Release|Any CPU
		{E67B0E1B-3FCA-4B82-B9AD-FAA430B71B8F}.Debug|Any CPU.ActiveCfg = Debug|Any CPU
		{E67B0E1B-3FCA-4B82-B9AD-FAA430B71B8F}.Debug|Any CPU.Build.0 = Debug|Any CPU
		{E67B0E1B-3FCA-4B82-B9AD-FAA430B71B8F}.Release|Any CPU.ActiveCfg = Release|Any CPU
		{E67B0E1B-3FCA-4B82-B9AD-FAA430B71B8F}.Release|Any CPU.Build.0 = Release|Any CPU
		{E67B0E1B-3FCA-4B82-B9AD-FAA430B71B8F}.SMLibBuild|Any CPU.ActiveCfg = Release|Any CPU
		{E67B0E1B-3FCA-4B82-B9AD-FAA430B71B8F}.SMLibBuild|Any CPU.Build.0 = Release|Any CPU
		{799516EC-3A71-456F-B577-D677E3D5901B}.Debug|Any CPU.ActiveCfg = Debug|Any CPU
		{799516EC-3A71-456F-B577-D677E3D5901B}.Debug|Any CPU.Build.0 = Debug|Any CPU
		{799516EC-3A71-456F-B577-D677E3D5901B}.Release|Any CPU.ActiveCfg = Release|Any CPU
		{799516EC-3A71-456F-B577-D677E3D5901B}.Release|Any CPU.Build.0 = Release|Any CPU
		{799516EC-3A71-456F-B577-D677E3D5901B}.SMLibBuild|Any CPU.ActiveCfg = Release|Any CPU
		{799516EC-3A71-456F-B577-D677E3D5901B}.SMLibBuild|Any CPU.Build.0 = Release|Any CPU
		{B83EAA92-B82E-45EA-A444-D832137696B6}.Debug|Any CPU.ActiveCfg = Debug|Any CPU
		{B83EAA92-B82E-45EA-A444-D832137696B6}.Debug|Any CPU.Build.0 = Debug|Any CPU
		{B83EAA92-B82E-45EA-A444-D832137696B6}.Release|Any CPU.ActiveCfg = Release|Any CPU
		{B83EAA92-B82E-45EA-A444-D832137696B6}.Release|Any CPU.Build.0 = Release|Any CPU
		{B83EAA92-B82E-45EA-A444-D832137696B6}.SMLibBuild|Any CPU.ActiveCfg = Release|Any CPU
		{B83EAA92-B82E-45EA-A444-D832137696B6}.SMLibBuild|Any CPU.Build.0 = Release|Any CPU
		{EF57601A-F9D9-47A1-AA50-D23C1BC91D7B}.Debug|Any CPU.ActiveCfg = Debug|Any CPU
		{EF57601A-F9D9-47A1-AA50-D23C1BC91D7B}.Debug|Any CPU.Build.0 = Debug|Any CPU
		{EF57601A-F9D9-47A1-AA50-D23C1BC91D7B}.Release|Any CPU.ActiveCfg = Release|Any CPU
		{EF57601A-F9D9-47A1-AA50-D23C1BC91D7B}.Release|Any CPU.Build.0 = Release|Any CPU
		{EF57601A-F9D9-47A1-AA50-D23C1BC91D7B}.SMLibBuild|Any CPU.ActiveCfg = Release|Any CPU
		{EF57601A-F9D9-47A1-AA50-D23C1BC91D7B}.SMLibBuild|Any CPU.Build.0 = Release|Any CPU
		{C7812758-27C6-430C-B6D5-2E49A7CC2557}.Debug|Any CPU.ActiveCfg = Debug|Any CPU
		{C7812758-27C6-430C-B6D5-2E49A7CC2557}.Debug|Any CPU.Build.0 = Debug|Any CPU
		{C7812758-27C6-430C-B6D5-2E49A7CC2557}.Release|Any CPU.ActiveCfg = Release|Any CPU
		{C7812758-27C6-430C-B6D5-2E49A7CC2557}.Release|Any CPU.Build.0 = Release|Any CPU
		{C7812758-27C6-430C-B6D5-2E49A7CC2557}.SMLibBuild|Any CPU.ActiveCfg = Release|Any CPU
		{C7812758-27C6-430C-B6D5-2E49A7CC2557}.SMLibBuild|Any CPU.Build.0 = Release|Any CPU
		{57409377-893C-4A70-97BE-60FF97CDCB12}.Debug|Any CPU.ActiveCfg = Debug|Any CPU
		{57409377-893C-4A70-97BE-60FF97CDCB12}.Debug|Any CPU.Build.0 = Debug|Any CPU
		{57409377-893C-4A70-97BE-60FF97CDCB12}.Release|Any CPU.ActiveCfg = Release|Any CPU
		{57409377-893C-4A70-97BE-60FF97CDCB12}.Release|Any CPU.Build.0 = Release|Any CPU
		{57409377-893C-4A70-97BE-60FF97CDCB12}.SMLibBuild|Any CPU.ActiveCfg = Release|Any CPU
		{57409377-893C-4A70-97BE-60FF97CDCB12}.SMLibBuild|Any CPU.Build.0 = Release|Any CPU
		{C278FFC0-CCFA-4F78-93F4-3CD54D59C5DE}.Debug|Any CPU.ActiveCfg = Debug|Any CPU
		{C278FFC0-CCFA-4F78-93F4-3CD54D59C5DE}.Debug|Any CPU.Build.0 = Debug|Any CPU
		{C278FFC0-CCFA-4F78-93F4-3CD54D59C5DE}.Release|Any CPU.ActiveCfg = Release|Any CPU
		{C278FFC0-CCFA-4F78-93F4-3CD54D59C5DE}.Release|Any CPU.Build.0 = Release|Any CPU
		{C278FFC0-CCFA-4F78-93F4-3CD54D59C5DE}.SMLibBuild|Any CPU.ActiveCfg = Release|Any CPU
		{C278FFC0-CCFA-4F78-93F4-3CD54D59C5DE}.SMLibBuild|Any CPU.Build.0 = Release|Any CPU
		{070A4EB5-A83D-4714-A1E5-9D9BF6DEB766}.Debug|Any CPU.ActiveCfg = Debug|Any CPU
		{070A4EB5-A83D-4714-A1E5-9D9BF6DEB766}.Debug|Any CPU.Build.0 = Debug|Any CPU
		{070A4EB5-A83D-4714-A1E5-9D9BF6DEB766}.Release|Any CPU.ActiveCfg = Release|Any CPU
		{070A4EB5-A83D-4714-A1E5-9D9BF6DEB766}.Release|Any CPU.Build.0 = Release|Any CPU
		{070A4EB5-A83D-4714-A1E5-9D9BF6DEB766}.SMLibBuild|Any CPU.ActiveCfg = Release|Any CPU
		{070A4EB5-A83D-4714-A1E5-9D9BF6DEB766}.SMLibBuild|Any CPU.Build.0 = Release|Any CPU
		{BA03235E-F8BD-40DF-91EC-7BEE45D37261}.Debug|Any CPU.ActiveCfg = Debug|Any CPU
		{BA03235E-F8BD-40DF-91EC-7BEE45D37261}.Debug|Any CPU.Build.0 = Debug|Any CPU
		{BA03235E-F8BD-40DF-91EC-7BEE45D37261}.Release|Any CPU.ActiveCfg = Release|Any CPU
		{BA03235E-F8BD-40DF-91EC-7BEE45D37261}.Release|Any CPU.Build.0 = Release|Any CPU
		{BA03235E-F8BD-40DF-91EC-7BEE45D37261}.SMLibBuild|Any CPU.ActiveCfg = Release|Any CPU
		{BA03235E-F8BD-40DF-91EC-7BEE45D37261}.SMLibBuild|Any CPU.Build.0 = Release|Any CPU
		{3FD89003-FFD4-48A1-A020-F36D576F2514}.Debug|Any CPU.ActiveCfg = Debug|Any CPU
		{3FD89003-FFD4-48A1-A020-F36D576F2514}.Debug|Any CPU.Build.0 = Debug|Any CPU
		{3FD89003-FFD4-48A1-A020-F36D576F2514}.Release|Any CPU.ActiveCfg = Release|Any CPU
		{3FD89003-FFD4-48A1-A020-F36D576F2514}.Release|Any CPU.Build.0 = Release|Any CPU
		{3FD89003-FFD4-48A1-A020-F36D576F2514}.SMLibBuild|Any CPU.ActiveCfg = Release|Any CPU
		{3FD89003-FFD4-48A1-A020-F36D576F2514}.SMLibBuild|Any CPU.Build.0 = Release|Any CPU
		{C34E2649-AB76-4837-9CEF-F9F3AABB9C26}.Debug|Any CPU.ActiveCfg = Debug|Any CPU
		{C34E2649-AB76-4837-9CEF-F9F3AABB9C26}.Debug|Any CPU.Build.0 = Debug|Any CPU
		{C34E2649-AB76-4837-9CEF-F9F3AABB9C26}.Release|Any CPU.ActiveCfg = Release|Any CPU
		{C34E2649-AB76-4837-9CEF-F9F3AABB9C26}.Release|Any CPU.Build.0 = Release|Any CPU
		{C34E2649-AB76-4837-9CEF-F9F3AABB9C26}.SMLibBuild|Any CPU.ActiveCfg = Release|Any CPU
		{C34E2649-AB76-4837-9CEF-F9F3AABB9C26}.SMLibBuild|Any CPU.Build.0 = Release|Any CPU
		{08B692EA-C07C-4F47-9B3C-5760866082A5}.Debug|Any CPU.ActiveCfg = Debug|Any CPU
		{08B692EA-C07C-4F47-9B3C-5760866082A5}.Debug|Any CPU.Build.0 = Debug|Any CPU
		{08B692EA-C07C-4F47-9B3C-5760866082A5}.Release|Any CPU.ActiveCfg = Release|Any CPU
		{08B692EA-C07C-4F47-9B3C-5760866082A5}.Release|Any CPU.Build.0 = Release|Any CPU
		{08B692EA-C07C-4F47-9B3C-5760866082A5}.SMLibBuild|Any CPU.ActiveCfg = Release|Any CPU
		{08B692EA-C07C-4F47-9B3C-5760866082A5}.SMLibBuild|Any CPU.Build.0 = Release|Any CPU
		{59C4907B-30F8-4616-90ED-8A909115771F}.Debug|Any CPU.ActiveCfg = Debug|Any CPU
		{59C4907B-30F8-4616-90ED-8A909115771F}.Debug|Any CPU.Build.0 = Debug|Any CPU
		{59C4907B-30F8-4616-90ED-8A909115771F}.Release|Any CPU.ActiveCfg = Release|Any CPU
		{59C4907B-30F8-4616-90ED-8A909115771F}.Release|Any CPU.Build.0 = Release|Any CPU
		{59C4907B-30F8-4616-90ED-8A909115771F}.SMLibBuild|Any CPU.ActiveCfg = Release|Any CPU
		{59C4907B-30F8-4616-90ED-8A909115771F}.SMLibBuild|Any CPU.Build.0 = Release|Any CPU
		{217987FF-FFC1-43A0-9BF4-1160E9D6A90E}.Debug|Any CPU.ActiveCfg = Debug|Any CPU
		{217987FF-FFC1-43A0-9BF4-1160E9D6A90E}.Debug|Any CPU.Build.0 = Debug|Any CPU
		{217987FF-FFC1-43A0-9BF4-1160E9D6A90E}.Release|Any CPU.ActiveCfg = Release|Any CPU
		{217987FF-FFC1-43A0-9BF4-1160E9D6A90E}.Release|Any CPU.Build.0 = Release|Any CPU
		{217987FF-FFC1-43A0-9BF4-1160E9D6A90E}.SMLibBuild|Any CPU.ActiveCfg = Release|Any CPU
		{217987FF-FFC1-43A0-9BF4-1160E9D6A90E}.SMLibBuild|Any CPU.Build.0 = Release|Any CPU
		{FC50239B-6D25-48C0-AD92-DD3EE9D01A3F}.Debug|Any CPU.ActiveCfg = Debug|Any CPU
		{FC50239B-6D25-48C0-AD92-DD3EE9D01A3F}.Debug|Any CPU.Build.0 = Debug|Any CPU
		{FC50239B-6D25-48C0-AD92-DD3EE9D01A3F}.Release|Any CPU.ActiveCfg = Release|Any CPU
		{FC50239B-6D25-48C0-AD92-DD3EE9D01A3F}.Release|Any CPU.Build.0 = Release|Any CPU
		{FC50239B-6D25-48C0-AD92-DD3EE9D01A3F}.SMLibBuild|Any CPU.ActiveCfg = Release|Any CPU
		{FC50239B-6D25-48C0-AD92-DD3EE9D01A3F}.SMLibBuild|Any CPU.Build.0 = Release|Any CPU
		{4441A1AC-1592-498D-8E51-F78122C4D1EA}.Debug|Any CPU.ActiveCfg = Debug|Any CPU
		{4441A1AC-1592-498D-8E51-F78122C4D1EA}.Debug|Any CPU.Build.0 = Debug|Any CPU
		{4441A1AC-1592-498D-8E51-F78122C4D1EA}.Release|Any CPU.ActiveCfg = Release|Any CPU
		{4441A1AC-1592-498D-8E51-F78122C4D1EA}.Release|Any CPU.Build.0 = Release|Any CPU
		{4441A1AC-1592-498D-8E51-F78122C4D1EA}.SMLibBuild|Any CPU.ActiveCfg = Release|Any CPU
		{4441A1AC-1592-498D-8E51-F78122C4D1EA}.SMLibBuild|Any CPU.Build.0 = Release|Any CPU
		{3EACA55A-F034-4E6A-920F-976F9A4AD956}.Debug|Any CPU.ActiveCfg = Debug|Any CPU
		{3EACA55A-F034-4E6A-920F-976F9A4AD956}.Debug|Any CPU.Build.0 = Debug|Any CPU
		{3EACA55A-F034-4E6A-920F-976F9A4AD956}.Release|Any CPU.ActiveCfg = Release|Any CPU
		{3EACA55A-F034-4E6A-920F-976F9A4AD956}.Release|Any CPU.Build.0 = Release|Any CPU
		{3EACA55A-F034-4E6A-920F-976F9A4AD956}.SMLibBuild|Any CPU.ActiveCfg = Release|Any CPU
		{3EACA55A-F034-4E6A-920F-976F9A4AD956}.SMLibBuild|Any CPU.Build.0 = Release|Any CPU
		{49E8366B-9146-4A9F-BD41-37A9323F0792}.Debug|Any CPU.ActiveCfg = Debug|Any CPU
		{49E8366B-9146-4A9F-BD41-37A9323F0792}.Debug|Any CPU.Build.0 = Debug|Any CPU
		{49E8366B-9146-4A9F-BD41-37A9323F0792}.Release|Any CPU.ActiveCfg = Release|Any CPU
		{49E8366B-9146-4A9F-BD41-37A9323F0792}.Release|Any CPU.Build.0 = Release|Any CPU
		{49E8366B-9146-4A9F-BD41-37A9323F0792}.SMLibBuild|Any CPU.ActiveCfg = Release|Any CPU
		{49E8366B-9146-4A9F-BD41-37A9323F0792}.SMLibBuild|Any CPU.Build.0 = Release|Any CPU
		{C29B5623-CE8E-4A16-B210-53D4067EBB75}.Debug|Any CPU.ActiveCfg = Debug|Any CPU
		{C29B5623-CE8E-4A16-B210-53D4067EBB75}.Debug|Any CPU.Build.0 = Debug|Any CPU
		{C29B5623-CE8E-4A16-B210-53D4067EBB75}.Release|Any CPU.ActiveCfg = Release|Any CPU
		{C29B5623-CE8E-4A16-B210-53D4067EBB75}.Release|Any CPU.Build.0 = Release|Any CPU
		{C29B5623-CE8E-4A16-B210-53D4067EBB75}.SMLibBuild|Any CPU.ActiveCfg = Release|Any CPU
		{C29B5623-CE8E-4A16-B210-53D4067EBB75}.SMLibBuild|Any CPU.Build.0 = Release|Any CPU
		{F9AF8AE5-0784-4DBA-B85F-802919F4F454}.Debug|Any CPU.ActiveCfg = Debug|Any CPU
		{F9AF8AE5-0784-4DBA-B85F-802919F4F454}.Debug|Any CPU.Build.0 = Debug|Any CPU
		{F9AF8AE5-0784-4DBA-B85F-802919F4F454}.Release|Any CPU.ActiveCfg = Release|Any CPU
		{F9AF8AE5-0784-4DBA-B85F-802919F4F454}.Release|Any CPU.Build.0 = Release|Any CPU
		{F9AF8AE5-0784-4DBA-B85F-802919F4F454}.SMLibBuild|Any CPU.ActiveCfg = Release|Any CPU
		{F9AF8AE5-0784-4DBA-B85F-802919F4F454}.SMLibBuild|Any CPU.Build.0 = Release|Any CPU
		{3DED9BCA-1A80-4524-A0AE-46977E630959}.Debug|Any CPU.ActiveCfg = Debug|Any CPU
		{3DED9BCA-1A80-4524-A0AE-46977E630959}.Debug|Any CPU.Build.0 = Debug|Any CPU
		{3DED9BCA-1A80-4524-A0AE-46977E630959}.Release|Any CPU.ActiveCfg = Release|Any CPU
		{3DED9BCA-1A80-4524-A0AE-46977E630959}.Release|Any CPU.Build.0 = Release|Any CPU
		{3DED9BCA-1A80-4524-A0AE-46977E630959}.SMLibBuild|Any CPU.ActiveCfg = Release|Any CPU
		{3DED9BCA-1A80-4524-A0AE-46977E630959}.SMLibBuild|Any CPU.Build.0 = Release|Any CPU
		{BD566A18-17E2-42AB-9798-A766889FDDD8}.Debug|Any CPU.ActiveCfg = Debug|Any CPU
		{BD566A18-17E2-42AB-9798-A766889FDDD8}.Debug|Any CPU.Build.0 = Debug|Any CPU
		{BD566A18-17E2-42AB-9798-A766889FDDD8}.Release|Any CPU.ActiveCfg = Release|Any CPU
		{BD566A18-17E2-42AB-9798-A766889FDDD8}.Release|Any CPU.Build.0 = Release|Any CPU
		{BD566A18-17E2-42AB-9798-A766889FDDD8}.SMLibBuild|Any CPU.ActiveCfg = Release|Any CPU
		{BD566A18-17E2-42AB-9798-A766889FDDD8}.SMLibBuild|Any CPU.Build.0 = Release|Any CPU
		{009D4B74-5373-4FF1-9BB8-80C467D752B3}.Debug|Any CPU.ActiveCfg = Debug|Any CPU
		{009D4B74-5373-4FF1-9BB8-80C467D752B3}.Debug|Any CPU.Build.0 = Debug|Any CPU
		{009D4B74-5373-4FF1-9BB8-80C467D752B3}.Release|Any CPU.ActiveCfg = Release|Any CPU
		{009D4B74-5373-4FF1-9BB8-80C467D752B3}.Release|Any CPU.Build.0 = Release|Any CPU
		{009D4B74-5373-4FF1-9BB8-80C467D752B3}.SMLibBuild|Any CPU.ActiveCfg = Release|Any CPU
		{009D4B74-5373-4FF1-9BB8-80C467D752B3}.SMLibBuild|Any CPU.Build.0 = Release|Any CPU
	EndGlobalSection
	GlobalSection(SolutionProperties) = preSolution
		HideSolutionNode = FALSE
	EndGlobalSection
EndGlobal
