
Microsoft Visual Studio Solution File, Format Version 10.00
# Visual Studio 2008
Project("{FAE04EC0-301F-11D3-BF4B-00C04F79EFBC}") = "SkyMap.Net.Tools.Criteria", "SkyMap.Net.Tools.Criteria.csproj", "{070A4EB5-A83D-4714-A1E5-9D9BF6DEB766}"
EndProject
Global
	GlobalSection(SolutionConfigurationPlatforms) = preSolution
		Debug|Any CPU = Debug|Any CPU
		Release|Any CPU = Release|Any CPU
	EndGlobalSection
	GlobalSection(ProjectConfigurationPlatforms) = postSolution
		{070A4EB5-A83D-4714-A1E5-9D9BF6DEB766}.Debug|Any CPU.ActiveCfg = Debug|Any CPU
		{070A4EB5-A83D-4714-A1E5-9D9BF6DEB766}.Debug|Any CPU.Build.0 = Debug|Any CPU
		{070A4EB5-A83D-4714-A1E5-9D9BF6DEB766}.Release|Any CPU.ActiveCfg = Release|Any CPU
		{070A4EB5-A83D-4714-A1E5-9D9BF6DEB766}.Release|Any CPU.Build.0 = Release|Any CPU
	EndGlobalSection
	GlobalSection(SolutionProperties) = preSolution
		HideSolutionNode = FALSE
	EndGlobalSection
EndGlobal
