
Microsoft Visual Studio Solution File, Format Version 10.00
# Visual Studio 2008
Project("{FAE04EC0-301F-11D3-BF4B-00C04F79EFBC}") = "SkyMap.Net.Workflow.FlowChart", "SkyMap.Net.Workflow.FlowChart.csproj", "{4441A1AC-1592-498D-8E51-F78122C4D1EA}"
EndProject
Global
	GlobalSection(SolutionConfigurationPlatforms) = preSolution
		Debug|Any CPU = Debug|Any CPU
		Release|Any CPU = Release|Any CPU
	EndGlobalSection
	GlobalSection(ProjectConfigurationPlatforms) = postSolution
		{4441A1AC-1592-498D-8E51-F78122C4D1EA}.Debug|Any CPU.ActiveCfg = Debug|Any CPU
		{4441A1AC-1592-498D-8E51-F78122C4D1EA}.Debug|Any CPU.Build.0 = Debug|Any CPU
		{4441A1AC-1592-498D-8E51-F78122C4D1EA}.Release|Any CPU.ActiveCfg = Release|Any CPU
		{4441A1AC-1592-498D-8E51-F78122C4D1EA}.Release|Any CPU.Build.0 = Release|Any CPU
	EndGlobalSection
	GlobalSection(SolutionProperties) = preSolution
		HideSolutionNode = FALSE
	EndGlobalSection
EndGlobal
