
Microsoft Visual Studio Solution File, Format Version 10.00
# Visual Studio 2008
Project("{FAE04EC0-301F-11D3-BF4B-00C04F79EFBC}") = "SkyMap.Net.Tools.Base", "SkyMap.Net.Tools.Base.csproj", "{C278FFC0-CCFA-4F78-93F4-3CD54D59C5DE}"
EndProject
Global
	GlobalSection(SolutionConfigurationPlatforms) = preSolution
		Debug|Any CPU = Debug|Any CPU
		Release|Any CPU = Release|Any CPU
	EndGlobalSection
	GlobalSection(ProjectConfigurationPlatforms) = postSolution
		{C278FFC0-CCFA-4F78-93F4-3CD54D59C5DE}.Debug|Any CPU.ActiveCfg = Debug|Any CPU
		{C278FFC0-CCFA-4F78-93F4-3CD54D59C5DE}.Debug|Any CPU.Build.0 = Debug|Any CPU
		{C278FFC0-CCFA-4F78-93F4-3CD54D59C5DE}.Release|Any CPU.ActiveCfg = Release|Any CPU
		{C278FFC0-CCFA-4F78-93F4-3CD54D59C5DE}.Release|Any CPU.Build.0 = Release|Any CPU
	EndGlobalSection
	GlobalSection(SolutionProperties) = preSolution
		HideSolutionNode = FALSE
	EndGlobalSection
EndGlobal
